// !$*UTF8*$!
{
	archiveVersion = 1;
	classes = {
	};
	objectVersion = 46;
	objects = {

/* Begin PBXBuildFile section */
		156967AC1EC993970038B7E5 /* TableViewCell.swift in Sources */ = {isa = PBXBuildFile; fileRef = 156967AB1EC993970038B7E5 /* TableViewCell.swift */; };
		156967AE1EC9A0730038B7E5 /* pch.swift in Sources */ = {isa = PBXBuildFile; fileRef = 156967AD1EC9A0730038B7E5 /* pch.swift */; };
		156B99091EC94B4E00B1AB4B /* GDLoadControl.swift in Sources */ = {isa = PBXBuildFile; fileRef = 156B99071EC94B4E00B1AB4B /* GDLoadControl.swift */; };
		156B990A1EC94B4E00B1AB4B /* GDRefreshControl.swift in Sources */ = {isa = PBXBuildFile; fileRef = 156B99081EC94B4E00B1AB4B /* GDRefreshControl.swift */; };
		1582FB441ECADE5A009A74B0 /* GDBaseControl.swift in Sources */ = {isa = PBXBuildFile; fileRef = 1582FB431ECADE5A009A74B0 /* GDBaseControl.swift */; };
		15AD0AA51EC557E100945A2B /* AppDelegate.swift in Sources */ = {isa = PBXBuildFile; fileRef = 15AD0AA41EC557E100945A2B /* AppDelegate.swift */; };
		15AD0AA71EC557E100945A2B /* ViewController.swift in Sources */ = {isa = PBXBuildFile; fileRef = 15AD0AA61EC557E100945A2B /* ViewController.swift */; };
		15AD0AAA1EC557E100945A2B /* Main.storyboard in Resources */ = {isa = PBXBuildFile; fileRef = 15AD0AA81EC557E100945A2B /* Main.storyboard */; };
		15AD0AAC1EC557E100945A2B /* Assets.xcassets in Resources */ = {isa = PBXBuildFile; fileRef = 15AD0AAB1EC557E100945A2B /* Assets.xcassets */; };
		15AD0AAF1EC557E100945A2B /* LaunchScreen.storyboard in Resources */ = {isa = PBXBuildFile; fileRef = 15AD0AAD1EC557E100945A2B /* LaunchScreen.storyboard */; };
		15AD0AC01EC55A9300945A2B /* TableViewController.swift in Sources */ = {isa = PBXBuildFile; fileRef = 15AD0ABE1EC55A9300945A2B /* TableViewController.swift */; };
		15AD0AC31EC55B8B00945A2B /* llll.storyboard in Resources */ = {isa = PBXBuildFile; fileRef = 15AD0AC21EC55B8B00945A2B /* llll.storyboard */; };
		3AAB7929DF642991D9B4BFD9 /* Pods_GDRefreshControl.framework in Frameworks */ = {isa = PBXBuildFile; fileRef = C04447962067ED02E6DC684A /* Pods_GDRefreshControl.framework */; };
/* End PBXBuildFile section */

/* Begin PBXFileReference section */
		156967AB1EC993970038B7E5 /* TableViewCell.swift */ = {isa = PBXFileReference; fileEncoding = 4; lastKnownFileType = sourcecode.swift; path = TableViewCell.swift; sourceTree = "<group>"; };
		156967AD1EC9A0730038B7E5 /* pch.swift */ = {isa = PBXFileReference; fileEncoding = 4; lastKnownFileType = sourcecode.swift; path = pch.swift; sourceTree = "<group>"; };
		156B99071EC94B4E00B1AB4B /* GDLoadControl.swift */ = {isa = PBXFileReference; fileEncoding = 4; lastKnownFileType = sourcecode.swift; path = GDLoadControl.swift; sourceTree = "<group>"; };
		156B99081EC94B4E00B1AB4B /* GDRefreshControl.swift */ = {isa = PBXFileReference; fileEncoding = 4; lastKnownFileType = sourcecode.swift; path = GDRefreshControl.swift; sourceTree = "<group>"; };
		1582FB431ECADE5A009A74B0 /* GDBaseControl.swift */ = {isa = PBXFileReference; fileEncoding = 4; lastKnownFileType = sourcecode.swift; path = GDBaseControl.swift; sourceTree = "<group>"; };
		15AD0AA11EC557E100945A2B /* GDRefreshControl.app */ = {isa = PBXFileReference; explicitFileType = wrapper.application; includeInIndex = 0; path = GDRefreshControl.app; sourceTree = BUILT_PRODUCTS_DIR; };
		15AD0AA41EC557E100945A2B /* AppDelegate.swift */ = {isa = PBXFileReference; lastKnownFileType = sourcecode.swift; path = AppDelegate.swift; sourceTree = "<group>"; };
		15AD0AA61EC557E100945A2B /* ViewController.swift */ = {isa = PBXFileReference; lastKnownFileType = sourcecode.swift; path = ViewController.swift; sourceTree = "<group>"; };
		15AD0AA91EC557E100945A2B /* Base */ = {isa = PBXFileReference; lastKnownFileType = file.storyboard; name = Base; path = Base.lproj/Main.storyboard; sourceTree = "<group>"; };
		15AD0AAB1EC557E100945A2B /* Assets.xcassets */ = {isa = PBXFileReference; lastKnownFileType = folder.assetcatalog; path = Assets.xcassets; sourceTree = "<group>"; };
		15AD0AAE1EC557E100945A2B /* Base */ = {isa = PBXFileReference; lastKnownFileType = file.storyboard; name = Base; path = Base.lproj/LaunchScreen.storyboard; sourceTree = "<group>"; };
		15AD0AB01EC557E100945A2B /* Info.plist */ = {isa = PBXFileReference; lastKnownFileType = text.plist.xml; path = Info.plist; sourceTree = "<group>"; };
		15AD0ABE1EC55A9300945A2B /* TableViewController.swift */ = {isa = PBXFileReference; fileEncoding = 4; lastKnownFileType = sourcecode.swift; path = TableViewController.swift; sourceTree = "<group>"; };
		15AD0AC21EC55B8B00945A2B /* llll.storyboard */ = {isa = PBXFileReference; fileEncoding = 4; lastKnownFileType = file.storyboard; path = llll.storyboard; sourceTree = "<group>"; };
		C04447962067ED02E6DC684A /* Pods_GDRefreshControl.framework */ = {isa = PBXFileReference; explicitFileType = wrapper.framework; includeInIndex = 0; path = Pods_GDRefreshControl.framework; sourceTree = BUILT_PRODUCTS_DIR; };
		EB70376E28FE118138BEB6D0 /* Pods-GDRefreshControl.release.xcconfig */ = {isa = PBXFileReference; includeInIndex = 1; lastKnownFileType = text.xcconfig; name = "Pods-GDRefreshControl.release.xcconfig"; path = "Pods/Target Support Files/Pods-GDRefreshControl/Pods-GDRefreshControl.release.xcconfig"; sourceTree = "<group>"; };
		F97BAE80548AD89FCAE10289 /* Pods-GDRefreshControl.debug.xcconfig */ = {isa = PBXFileReference; includeInIndex = 1; lastKnownFileType = text.xcconfig; name = "Pods-GDRefreshControl.debug.xcconfig"; path = "Pods/Target Support Files/Pods-GDRefreshControl/Pods-GDRefreshControl.debug.xcconfig"; sourceTree = "<group>"; };
/* End PBXFileReference section */

/* Begin PBXFrameworksBuildPhase section */
		15AD0A9E1EC557E100945A2B /* Frameworks */ = {
			isa = PBXFrameworksBuildPhase;
			buildActionMask = 2147483647;
			files = (
				3AAB7929DF642991D9B4BFD9 /* Pods_GDRefreshControl.framework in Frameworks */,
			);
			runOnlyForDeploymentPostprocessing = 0;
		};
/* End PBXFrameworksBuildPhase section */

/* Begin PBXGroup section */
		156B99061EC94B0F00B1AB4B /* code */ = {
			isa = PBXGroup;
			children = (
				156967AD1EC9A0730038B7E5 /* pch.swift */,
				1582FB431ECADE5A009A74B0 /* GDBaseControl.swift */,
				156B99071EC94B4E00B1AB4B /* GDLoadControl.swift */,
				156B99081EC94B4E00B1AB4B /* GDRefreshControl.swift */,
			);
			path = code;
			sourceTree = "<group>";
		};
		15AD0A981EC557E100945A2B = {
			isa = PBXGroup;
			children = (
				15AD0AA31EC557E100945A2B /* GDRefreshControl */,
				15AD0AA21EC557E100945A2B /* Products */,
				65EFA8B4211479BF95200CFC /* Pods */,
				8297C7388DB784A81CA21665 /* Frameworks */,
			);
			sourceTree = "<group>";
		};
		15AD0AA21EC557E100945A2B /* Products */ = {
			isa = PBXGroup;
			children = (
				15AD0AA11EC557E100945A2B /* GDRefreshControl.app */,
			);
			name = Products;
			sourceTree = "<group>";
		};
		15AD0AA31EC557E100945A2B /* GDRefreshControl */ = {
			isa = PBXGroup;
			children = (
				156B99061EC94B0F00B1AB4B /* code */,
				15AD0AA41EC557E100945A2B /* AppDelegate.swift */,
				15AD0AA61EC557E100945A2B /* ViewController.swift */,
				156967AB1EC993970038B7E5 /* TableViewCell.swift */,
				15AD0ABE1EC55A9300945A2B /* TableViewController.swift */,
				15AD0AC21EC55B8B00945A2B /* llll.storyboard */,
				15AD0AA81EC557E100945A2B /* Main.storyboard */,
				15AD0AAB1EC557E100945A2B /* Assets.xcassets */,
				15AD0AAD1EC557E100945A2B /* LaunchScreen.storyboard */,
				15AD0AB01EC557E100945A2B /* Info.plist */,
			);
			path = GDRefreshControl;
			sourceTree = "<group>";
		};
		65EFA8B4211479BF95200CFC /* Pods */ = {
			isa = PBXGroup;
			children = (
				F97BAE80548AD89FCAE10289 /* Pods-GDRefreshControl.debug.xcconfig */,
				EB70376E28FE118138BEB6D0 /* Pods-GDRefreshControl.release.xcconfig */,
			);
			name = Pods;
			sourceTree = "<group>";
		};
		8297C7388DB784A81CA21665 /* Frameworks */ = {
			isa = PBXGroup;
			children = (
				C04447962067ED02E6DC684A /* Pods_GDRefreshControl.framework */,
			);
			name = Frameworks;
			sourceTree = "<group>";
		};
/* End PBXGroup section */

/* Begin PBXNativeTarget section */
		15AD0AA01EC557E100945A2B /* GDRefreshControl */ = {
			isa = PBXNativeTarget;
			buildConfigurationList = 15AD0AB31EC557E100945A2B /* Build configuration list for PBXNativeTarget "GDRefreshControl" */;
			buildPhases = (
				42066C32A41F3611B7213FEA /* [CP] Check Pods Manifest.lock */,
				15AD0A9D1EC557E100945A2B /* Sources */,
				15AD0A9E1EC557E100945A2B /* Frameworks */,
				15AD0A9F1EC557E100945A2B /* Resources */,
				83E7A55F5B8760C866B69D5D /* [CP] Embed Pods Frameworks */,
				00A210D4ED2ABDA77D36D0B7 /* [CP] Copy Pods Resources */,
			);
			buildRules = (
			);
			dependencies = (
			);
			name = GDRefreshControl;
			productName = GDRefreshControl;
			productReference = 15AD0AA11EC557E100945A2B /* GDRefreshControl.app */;
			productType = "com.apple.product-type.application";
		};
/* End PBXNativeTarget section */

/* Begin PBXProject section */
		15AD0A991EC557E100945A2B /* Project object */ = {
			isa = PBXProject;
			attributes = {
				LastSwiftUpdateCheck = 0830;
				LastUpgradeCheck = 0830;
				ORGANIZATIONNAME = hhcszgd;
				TargetAttributes = {
					15AD0AA01EC557E100945A2B = {
						CreatedOnToolsVersion = 8.3.1;
						DevelopmentTeam = EY693LHB6N;
						ProvisioningStyle = Automatic;
					};
				};
			};
			buildConfigurationList = 15AD0A9C1EC557E100945A2B /* Build configuration list for PBXProject "GDRefreshControl" */;
			compatibilityVersion = "Xcode 3.2";
			developmentRegion = English;
			hasScannedForEncodings = 0;
			knownRegions = (
				en,
				Base,
			);
			mainGroup = 15AD0A981EC557E100945A2B;
			productRefGroup = 15AD0AA21EC557E100945A2B /* Products */;
			projectDirPath = "";
			projectRoot = "";
			targets = (
				15AD0AA01EC557E100945A2B /* GDRefreshControl */,
			);
		};
/* End PBXProject section */

/* Begin PBXResourcesBuildPhase section */
		15AD0A9F1EC557E100945A2B /* Resources */ = {
			isa = PBXResourcesBuildPhase;
			buildActionMask = 2147483647;
			files = (
				15AD0AC31EC55B8B00945A2B /* llll.storyboard in Resources */,
				15AD0AAF1EC557E100945A2B /* LaunchScreen.storyboard in Resources */,
				15AD0AAC1EC557E100945A2B /* Assets.xcassets in Resources */,
				15AD0AAA1EC557E100945A2B /* Main.storyboard in Resources */,
			);
			runOnlyForDeploymentPostprocessing = 0;
		};
/* End PBXResourcesBuildPhase section */

/* Begin PBXShellScriptBuildPhase section */
		00A210D4ED2ABDA77D36D0B7 /* [CP] Copy Pods Resources */ = {
			isa = PBXShellScriptBuildPhase;
			buildActionMask = 2147483647;
			files = (
			);
			inputPaths = (
			);
			name = "[CP] Copy Pods Resources";
			outputPaths = (
			);
			runOnlyForDeploymentPostprocessing = 0;
			shellPath = /bin/sh;
			shellScript = "\"${SRCROOT}/Pods/Target Support Files/Pods-GDRefreshControl/Pods-GDRefreshControl-resources.sh\"\n";
			showEnvVarsInLog = 0;
		};
		42066C32A41F3611B7213FEA /* [CP] Check Pods Manifest.lock */ = {
			isa = PBXShellScriptBuildPhase;
			buildActionMask = 2147483647;
			files = (
			);
			inputPaths = (
			);
			name = "[CP] Check Pods Manifest.lock";
			outputPaths = (
			);
			runOnlyForDeploymentPostprocessing = 0;
			shellPath = /bin/sh;
			shellScript = "diff \"${PODS_ROOT}/../Podfile.lock\" \"${PODS_ROOT}/Manifest.lock\" > /dev/null\nif [ $? != 0 ] ; then\n    # print error to STDERR\n    echo \"error: The sandbox is not in sync with the Podfile.lock. Run 'pod install' or update your CocoaPods installation.\" >&2\n    exit 1\nfi\n";
			showEnvVarsInLog = 0;
		};
		83E7A55F5B8760C866B69D5D /* [CP] Embed Pods Frameworks */ = {
			isa = PBXShellScriptBuildPhase;
			buildActionMask = 2147483647;
			files = (
			);
			inputPaths = (
			);
			name = "[CP] Embed Pods Frameworks";
			outputPaths = (
			);
			runOnlyForDeploymentPostprocessing = 0;
			shellPath = /bin/sh;
			shellScript = "\"${SRCROOT}/Pods/Target Support Files/Pods-GDRefreshControl/Pods-GDRefreshControl-frameworks.sh\"\n";
			showEnvVarsInLog = 0;
		};
/* End PBXShellScriptBuildPhase section */

/* Begin PBXSourcesBuildPhase section */
		15AD0A9D1EC557E100945A2B /* Sources */ = {
			isa = PBXSourcesBuildPhase;
			buildActionMask = 2147483647;
			files = (
				156B990A1EC94B4E00B1AB4B /* GDRefreshControl.swift in Sources */,
				156B99091EC94B4E00B1AB4B /* GDLoadControl.swift in Sources */,
				15AD0AC01EC55A9300945A2B /* TableViewController.swift in Sources */,
				15AD0AA71EC557E100945A2B /* ViewController.swift in Sources */,
				15AD0AA51EC557E100945A2B /* AppDelegate.swift in Sources */,
				1582FB441ECADE5A009A74B0 /* GDBaseControl.swift in Sources */,
				156967AC1EC993970038B7E5 /* TableViewCell.swift in Sources */,
				156967AE1EC9A0730038B7E5 /* pch.swift in Sources */,
			);
			runOnlyForDeploymentPostprocessing = 0;
		};
/* End PBXSourcesBuildPhase section */

/* Begin PBXVariantGroup section */
		15AD0AA81EC557E100945A2B /* Main.storyboard */ = {
			isa = PBXVariantGroup;
			children = (
				15AD0AA91EC557E100945A2B /* Base */,
			);
			name = Main.storyboard;
			sourceTree = "<group>";
		};
		15AD0AAD1EC557E100945A2B /* LaunchScreen.storyboard */ = {
			isa = PBXVariantGroup;
			children = (
				15AD0AAE1EC557E100945A2B /* Base */,
			);
			name = LaunchScreen.storyboard;
			sourceTree = "<group>";
		};
/* End PBXVariantGroup section */

/* Begin XCBuildConfiguration section */
		15AD0AB11EC557E100945A2B /* Debug */ = {
			isa = XCBuildConfiguration;
			buildSettings = {
				ALWAYS_SEARCH_USER_PATHS = NO;
				CLANG_ANALYZER_NONNULL = YES;
				CLANG_ANALYZER_NUMBER_OBJECT_CONVERSION = YES_AGGRESSIVE;
				CLANG_CXX_LANGUAGE_STANDARD = "gnu++0x";
				CLANG_CXX_LIBRARY = "libc++";
				CLANG_ENABLE_MODULES = YES;
				CLANG_ENABLE_OBJC_ARC = YES;
				CLANG_WARN_BOOL_CONVERSION = YES;
				CLANG_WARN_CONSTANT_CONVERSION = YES;
				CLANG_WARN_DIRECT_OBJC_ISA_USAGE = YES_ERROR;
				CLANG_WARN_DOCUMENTATION_COMMENTS = YES;
				CLANG_WARN_EMPTY_BODY = YES;
				CLANG_WARN_ENUM_CONVERSION = YES;
				CLANG_WARN_INFINITE_RECURSION = YES;
				CLANG_WARN_INT_CONVERSION = YES;
				CLANG_WARN_OBJC_ROOT_CLASS = YES_ERROR;
				CLANG_WARN_SUSPICIOUS_MOVE = YES;
				CLANG_WARN_UNREACHABLE_CODE = YES;
				CLANG_WARN__DUPLICATE_METHOD_MATCH = YES;
				"CODE_SIGN_IDENTITY[sdk=iphoneos*]" = "iPhone Developer";
				COPY_PHASE_STRIP = NO;
				DEBUG_INFORMATION_FORMAT = dwarf;
				ENABLE_STRICT_OBJC_MSGSEND = YES;
				ENABLE_TESTABILITY = YES;
				GCC_C_LANGUAGE_STANDARD = gnu99;
				GCC_DYNAMIC_NO_PIC = NO;
				GCC_NO_COMMON_BLOCKS = YES;
				GCC_OPTIMIZATION_LEVEL = 0;
				GCC_PREPROCESSOR_DEFINITIONS = (
					"DEBUG=1",
					"$(inherited)",
				);
				GCC_WARN_64_TO_32_BIT_CONVERSION = YES;
				GCC_WARN_ABOUT_RETURN_TYPE = YES_ERROR;
				GCC_WARN_UNDECLARED_SELECTOR = YES;
				GCC_WARN_UNINITIALIZED_AUTOS = YES_AGGRESSIVE;
				GCC_WARN_UNUSED_FUNCTION = YES;
				GCC_WARN_UNUSED_VARIABLE = YES;
				IPHONEOS_DEPLOYMENT_TARGET = 10.3;
				MTL_ENABLE_DEBUG_INFO = YES;
				ONLY_ACTIVE_ARCH = YES;
				SDKROOT = iphoneos;
				SWIFT_ACTIVE_COMPILATION_CONDITIONS = DEBUG;
				SWIFT_OPTIMIZATION_LEVEL = "-Onone";
			};
			name = Debug;
		};
		15AD0AB21EC557E100945A2B /* Release */ = {
			isa = XCBuildConfiguration;
			buildSettings = {
				ALWAYS_SEARCH_USER_PATHS = NO;
				CLANG_ANALYZER_NONNULL = YES;
				CLANG_ANALYZER_NUMBER_OBJECT_CONVERSION = YES_AGGRESSIVE;
				CLANG_CXX_LANGUAGE_STANDARD = "gnu++0x";
				CLANG_CXX_LIBRARY = "libc++";
				CLANG_ENABLE_MODULES = YES;
				CLANG_ENABLE_OBJC_ARC = YES;
				CLANG_WARN_BOOL_CONVERSION = YES;
				CLANG_WARN_CONSTANT_CONVERSION = YES;
				CLANG_WARN_DIRECT_OBJC_ISA_USAGE = YES_ERROR;
				CLANG_WARN_DOCUMENTATION_COMMENTS = YES;
				CLANG_WARN_EMPTY_BODY = YES;
				CLANG_WARN_ENUM_CONVERSION = YES;
				CLANG_WARN_INFINITE_RECURSION = YES;
				CLANG_WARN_INT_CONVERSION = YES;
				CLANG_WARN_OBJC_ROOT_CLASS = YES_ERROR;
				CLANG_WARN_SUSPICIOUS_MOVE = YES;
				CLANG_WARN_UNREACHABLE_CODE = YES;
				CLANG_WARN__DUPLICATE_METHOD_MATCH = YES;
				"CODE_SIGN_IDENTITY[sdk=iphoneos*]" = "iPhone Developer";
				COPY_PHASE_STRIP = NO;
				DEBUG_INFORMATION_FORMAT = "dwarf-with-dsym";
				ENABLE_NS_ASSERTIONS = NO;
				ENABLE_STRICT_OBJC_MSGSEND = YES;
				GCC_C_LANGUAGE_STANDARD = gnu99;
				GCC_NO_COMMON_BLOCKS = YES;
				GCC_WARN_64_TO_32_BIT_CONVERSION = YES;
				GCC_WARN_ABOUT_RETURN_TYPE = YES_ERROR;
				GCC_WARN_UNDECLARED_SELECTOR = YES;
				GCC_WARN_UNINITIALIZED_AUTOS = YES_AGGRESSIVE;
				GCC_WARN_UNUSED_FUNCTION = YES;
				GCC_WARN_UNUSED_VARIABLE = YES;
				IPHONEOS_DEPLOYMENT_TARGET = 10.3;
				MTL_ENABLE_DEBUG_INFO = NO;
				SDKROOT = iphoneos;
				SWIFT_OPTIMIZATION_LEVEL = "-Owholemodule";
				VALIDATE_PRODUCT = YES;
			};
			name = Release;
		};
		15AD0AB41EC557E100945A2B /* Debug */ = {
			isa = XCBuildConfiguration;
			baseConfigurationReference = F97BAE80548AD89FCAE10289 /* Pods-GDRefreshControl.debug.xcconfig */;
			buildSettings = {
				ASSETCATALOG_COMPILER_APPICON_NAME = AppIcon;
				DEVELOPMENT_TEAM = EY693LHB6N;
				INFOPLIST_FILE = GDRefreshControl/Info.plist;
				LD_RUNPATH_SEARCH_PATHS = "$(inherited) @executable_path/Frameworks";
				PRODUCT_BUNDLE_IDENTIFIER = hhcszgd.GDRefreshControl;
				PRODUCT_NAME = "$(TARGET_NAME)";
				SWIFT_VERSION = 3.0;
			};
			name = Debug;
		};
		15AD0AB51EC557E100945A2B /* Release */ = {
			isa = XCBuildConfiguration;
			baseConfigurationReference = EB70376E28FE118138BEB6D0 /* Pods-GDRefreshControl.release.xcconfig */;
			buildSettings = {
				ASSETCATALOG_COMPILER_APPICON_NAME = AppIcon;
				DEVELOPMENT_TEAM = EY693LHB6N;
				INFOPLIST_FILE = GDRefreshControl/Info.plist;
				LD_RUNPATH_SEARCH_PATHS = "$(inherited) @executable_path/Frameworks";
				PRODUCT_BUNDLE_IDENTIFIER = hhcszgd.GDRefreshControl;
				PRODUCT_NAME = "$(TARGET_NAME)";
				SWIFT_VERSION = 3.0;
			};
			name = Release;
		};
/* End XCBuildConfiguration section */

/* Begin XCConfigurationList section */
		15AD0A9C1EC557E100945A2B /* Build configuration list for PBXProject "GDRefreshControl" */ = {
			isa = XCConfigurationList;
			buildConfigurations = (
				15AD0AB11EC557E100945A2B /* Debug */,
				15AD0AB21EC557E100945A2B /* Release */,
			);
			defaultConfigurationIsVisible = 0;
			defaultConfigurationName = Release;
		};
		15AD0AB31EC557E100945A2B /* Build configuration list for PBXNativeTarget "GDRefreshControl" */ = {
			isa = XCConfigurationList;
			buildConfigurations = (
				15AD0AB41EC557E100945A2B /* Debug */,
				15AD0AB51EC557E100945A2B /* Release */,
			);
			defaultConfigurationIsVisible = 0;
			defaultConfigurationName = Release;
		};
/* End XCConfigurationList section */
	};
	rootObject = 15AD0A991EC557E100945A2B /* Project object */;
}
